
Microsoft Visual Studio Solution File, Format Version 12.00
# Visual Studio 15
Project("{FAE04EC0-301F-11D3-BF4B-00C04F79EFBC}") = "TravelMonkey.Android", "TravelMonkey.Android\TravelMonkey.Android.csproj", "{A06A377B-F901-4238-88BD-A92726C715C2}"
EndProject
Project("{FAE04EC0-301F-11D3-BF4B-00C04F79EFBC}") = "TravelMonkey.iOS", "TravelMonkey.iOS\TravelMonkey.iOS.csproj", "{8C00CCB8-214B-4B88-8042-4C8D31284CD3}"
EndProject
Project("{FAE04EC0-301F-11D3-BF4B-00C04F79EFBC}") = "TravelMonkey", "TravelMonkey\TravelMonkey.csproj", "{04991790-FBB2-415A-9531-268B4193DB3E}"
EndProject
Project("{FAE04EC0-301F-11D3-BF4B-00C04F79EFBC}") = "TravelMonkey.Core", "TravelMonkey.Core\TravelMonkey.Core.csproj", "{C9EC2551-6114-4330-B3EA-ED392C633EB5}"
EndProject
Project("{FAE04EC0-301F-11D3-BF4B-00C04F79EFBC}") = "TravelMonkey.Blazor", "TravelMonkey.Blazor\TravelMonkey.Blazor.csproj", "{D797D05C-F49F-4037-9BF4-16D3BF5AE85E}"
EndProject
Project("{FAE04EC0-301F-11D3-BF4B-00C04F79EFBC}") = "TravelMonkey.Blazor.WASM", "TravelMonkey.Blazor.WASM\TravelMonkey.Blazor.WASM.csproj", "{4A3C53F3-A797-4FF0-8CBF-D6A4043AF582}"
EndProject
Project("{FAE04EC0-301F-11D3-BF4B-00C04F79EFBC}") = "Xamarin.Essentials.Blazor", "Xamarin.Essentials.Blazor\Xamarin.Essentials.Blazor.csproj", "{06729E80-1333-4D6B-A4C3-92F54260B5D7}"
EndProject
Global
	GlobalSection(SolutionConfigurationPlatforms) = preSolution
		Debug|Any CPU = Debug|Any CPU
		Release|Any CPU = Release|Any CPU
		Debug|iPhoneSimulator = Debug|iPhoneSimulator
		Release|iPhoneSimulator = Release|iPhoneSimulator
		Debug|iPhone = Debug|iPhone
		Release|iPhone = Release|iPhone
	EndGlobalSection
	GlobalSection(ProjectConfigurationPlatforms) = postSolution
		{A06A377B-F901-4238-88BD-A92726C715C2}.Debug|Any CPU.ActiveCfg = Debug|Any CPU
		{A06A377B-F901-4238-88BD-A92726C715C2}.Debug|Any CPU.Build.0 = Debug|Any CPU
		{A06A377B-F901-4238-88BD-A92726C715C2}.Release|Any CPU.ActiveCfg = Release|Any CPU
		{A06A377B-F901-4238-88BD-A92726C715C2}.Release|Any CPU.Build.0 = Release|Any CPU
		{A06A377B-F901-4238-88BD-A92726C715C2}.Debug|iPhoneSimulator.ActiveCfg = Debug|Any CPU
		{A06A377B-F901-4238-88BD-A92726C715C2}.Debug|iPhoneSimulator.Build.0 = Debug|Any CPU
		{A06A377B-F901-4238-88BD-A92726C715C2}.Release|iPhoneSimulator.ActiveCfg = Release|Any CPU
		{A06A377B-F901-4238-88BD-A92726C715C2}.Release|iPhoneSimulator.Build.0 = Release|Any CPU
		{A06A377B-F901-4238-88BD-A92726C715C2}.Debug|iPhone.ActiveCfg = Debug|Any CPU
		{A06A377B-F901-4238-88BD-A92726C715C2}.Debug|iPhone.Build.0 = Debug|Any CPU
		{A06A377B-F901-4238-88BD-A92726C715C2}.Release|iPhone.ActiveCfg = Release|Any CPU
		{A06A377B-F901-4238-88BD-A92726C715C2}.Release|iPhone.Build.0 = Release|Any CPU
		{8C00CCB8-214B-4B88-8042-4C8D31284CD3}.Debug|Any CPU.ActiveCfg = Debug|iPhoneSimulator
		{8C00CCB8-214B-4B88-8042-4C8D31284CD3}.Debug|Any CPU.Build.0 = Debug|iPhoneSimulator
		{8C00CCB8-214B-4B88-8042-4C8D31284CD3}.Release|Any CPU.ActiveCfg = Release|iPhoneSimulator
		{8C00CCB8-214B-4B88-8042-4C8D31284CD3}.Release|Any CPU.Build.0 = Release|iPhoneSimulator
		{8C00CCB8-214B-4B88-8042-4C8D31284CD3}.Debug|iPhoneSimulator.ActiveCfg = Debug|iPhoneSimulator
		{8C00CCB8-214B-4B88-8042-4C8D31284CD3}.Debug|iPhoneSimulator.Build.0 = Debug|iPhoneSimulator
		{8C00CCB8-214B-4B88-8042-4C8D31284CD3}.Release|iPhoneSimulator.ActiveCfg = Release|iPhoneSimulator
		{8C00CCB8-214B-4B88-8042-4C8D31284CD3}.Release|iPhoneSimulator.Build.0 = Release|iPhoneSimulator
		{8C00CCB8-214B-4B88-8042-4C8D31284CD3}.Debug|iPhone.ActiveCfg = Debug|iPhone
		{8C00CCB8-214B-4B88-8042-4C8D31284CD3}.Debug|iPhone.Build.0 = Debug|iPhone
		{8C00CCB8-214B-4B88-8042-4C8D31284CD3}.Release|iPhone.ActiveCfg = Release|iPhone
		{8C00CCB8-214B-4B88-8042-4C8D31284CD3}.Release|iPhone.Build.0 = Release|iPhone
		{04991790-FBB2-415A-9531-268B4193DB3E}.Debug|Any CPU.ActiveCfg = Debug|Any CPU
		{04991790-FBB2-415A-9531-268B4193DB3E}.Debug|Any CPU.Build.0 = Debug|Any CPU
		{04991790-FBB2-415A-9531-268B4193DB3E}.Release|Any CPU.ActiveCfg = Release|Any CPU
		{04991790-FBB2-415A-9531-268B4193DB3E}.Release|Any CPU.Build.0 = Release|Any CPU
		{04991790-FBB2-415A-9531-268B4193DB3E}.Debug|iPhoneSimulator.ActiveCfg = Debug|Any CPU
		{04991790-FBB2-415A-9531-268B4193DB3E}.Debug|iPhoneSimulator.Build.0 = Debug|Any CPU
		{04991790-FBB2-415A-9531-268B4193DB3E}.Release|iPhoneSimulator.ActiveCfg = Release|Any CPU
		{04991790-FBB2-415A-9531-268B4193DB3E}.Release|iPhoneSimulator.Build.0 = Release|Any CPU
		{04991790-FBB2-415A-9531-268B4193DB3E}.Debug|iPhone.ActiveCfg = Debug|Any CPU
		{04991790-FBB2-415A-9531-268B4193DB3E}.Debug|iPhone.Build.0 = Debug|Any CPU
		{04991790-FBB2-415A-9531-268B4193DB3E}.Release|iPhone.ActiveCfg = Release|Any CPU
		{04991790-FBB2-415A-9531-268B4193DB3E}.Release|iPhone.Build.0 = Release|Any CPU
		{C9EC2551-6114-4330-B3EA-ED392C633EB5}.Debug|Any CPU.ActiveCfg = Debug|Any CPU
		{C9EC2551-6114-4330-B3EA-ED392C633EB5}.Debug|Any CPU.Build.0 = Debug|Any CPU
		{C9EC2551-6114-4330-B3EA-ED392C633EB5}.Release|Any CPU.ActiveCfg = Release|Any CPU
		{C9EC2551-6114-4330-B3EA-ED392C633EB5}.Release|Any CPU.Build.0 = Release|Any CPU
		{C9EC2551-6114-4330-B3EA-ED392C633EB5}.Debug|iPhoneSimulator.ActiveCfg = Debug|Any CPU
		{C9EC2551-6114-4330-B3EA-ED392C633EB5}.Debug|iPhoneSimulator.Build.0 = Debug|Any CPU
		{C9EC2551-6114-4330-B3EA-ED392C633EB5}.Release|iPhoneSimulator.ActiveCfg = Release|Any CPU
		{C9EC2551-6114-4330-B3EA-ED392C633EB5}.Release|iPhoneSimulator.Build.0 = Release|Any CPU
		{C9EC2551-6114-4330-B3EA-ED392C633EB5}.Debug|iPhone.ActiveCfg = Debug|Any CPU
		{C9EC2551-6114-4330-B3EA-ED392C633EB5}.Debug|iPhone.Build.0 = Debug|Any CPU
		{C9EC2551-6114-4330-B3EA-ED392C633EB5}.Release|iPhone.ActiveCfg = Release|Any CPU
		{C9EC2551-6114-4330-B3EA-ED392C633EB5}.Release|iPhone.Build.0 = Release|Any CPU
		{D797D05C-F49F-4037-9BF4-16D3BF5AE85E}.Debug|Any CPU.ActiveCfg = Debug|Any CPU
		{D797D05C-F49F-4037-9BF4-16D3BF5AE85E}.Debug|Any CPU.Build.0 = Debug|Any CPU
		{D797D05C-F49F-4037-9BF4-16D3BF5AE85E}.Release|Any CPU.ActiveCfg = Release|Any CPU
		{D797D05C-F49F-4037-9BF4-16D3BF5AE85E}.Release|Any CPU.Build.0 = Release|Any CPU
		{D797D05C-F49F-4037-9BF4-16D3BF5AE85E}.Debug|iPhoneSimulator.ActiveCfg = Debug|Any CPU
		{D797D05C-F49F-4037-9BF4-16D3BF5AE85E}.Debug|iPhoneSimulator.Build.0 = Debug|Any CPU
		{D797D05C-F49F-4037-9BF4-16D3BF5AE85E}.Release|iPhoneSimulator.ActiveCfg = Release|Any CPU
		{D797D05C-F49F-4037-9BF4-16D3BF5AE85E}.Release|iPhoneSimulator.Build.0 = Release|Any CPU
		{D797D05C-F49F-4037-9BF4-16D3BF5AE85E}.Debug|iPhone.ActiveCfg = Debug|Any CPU
		{D797D05C-F49F-4037-9BF4-16D3BF5AE85E}.Debug|iPhone.Build.0 = Debug|Any CPU
		{D797D05C-F49F-4037-9BF4-16D3BF5AE85E}.Release|iPhone.ActiveCfg = Release|Any CPU
		{D797D05C-F49F-4037-9BF4-16D3BF5AE85E}.Release|iPhone.Build.0 = Release|Any CPU
		{4A3C53F3-A797-4FF0-8CBF-D6A4043AF582}.Debug|Any CPU.ActiveCfg = Debug|Any CPU
		{4A3C53F3-A797-4FF0-8CBF-D6A4043AF582}.Debug|Any CPU.Build.0 = Debug|Any CPU
		{4A3C53F3-A797-4FF0-8CBF-D6A4043AF582}.Release|Any CPU.ActiveCfg = Release|Any CPU
		{4A3C53F3-A797-4FF0-8CBF-D6A4043AF582}.Release|Any CPU.Build.0 = Release|Any CPU
		{4A3C53F3-A797-4FF0-8CBF-D6A4043AF582}.Debug|iPhoneSimulator.ActiveCfg = Debug|Any CPU
		{4A3C53F3-A797-4FF0-8CBF-D6A4043AF582}.Debug|iPhoneSimulator.Build.0 = Debug|Any CPU
		{4A3C53F3-A797-4FF0-8CBF-D6A4043AF582}.Release|iPhoneSimulator.ActiveCfg = Release|Any CPU
		{4A3C53F3-A797-4FF0-8CBF-D6A4043AF582}.Release|iPhoneSimulator.Build.0 = Release|Any CPU
		{4A3C53F3-A797-4FF0-8CBF-D6A4043AF582}.Debug|iPhone.ActiveCfg = Debug|Any CPU
		{4A3C53F3-A797-4FF0-8CBF-D6A4043AF582}.Debug|iPhone.Build.0 = Debug|Any CPU
		{4A3C53F3-A797-4FF0-8CBF-D6A4043AF582}.Release|iPhone.ActiveCfg = Release|Any CPU
		{4A3C53F3-A797-4FF0-8CBF-D6A4043AF582}.Release|iPhone.Build.0 = Release|Any CPU
		{06729E80-1333-4D6B-A4C3-92F54260B5D7}.Debug|Any CPU.ActiveCfg = Debug|Any CPU
		{06729E80-1333-4D6B-A4C3-92F54260B5D7}.Debug|Any CPU.Build.0 = Debug|Any CPU
		{06729E80-1333-4D6B-A4C3-92F54260B5D7}.Release|Any CPU.ActiveCfg = Release|Any CPU
		{06729E80-1333-4D6B-A4C3-92F54260B5D7}.Release|Any CPU.Build.0 = Release|Any CPU
		{06729E80-1333-4D6B-A4C3-92F54260B5D7}.Debug|iPhoneSimulator.ActiveCfg = Debug|Any CPU
		{06729E80-1333-4D6B-A4C3-92F54260B5D7}.Debug|iPhoneSimulator.Build.0 = Debug|Any CPU
		{06729E80-1333-4D6B-A4C3-92F54260B5D7}.Release|iPhoneSimulator.ActiveCfg = Release|Any CPU
		{06729E80-1333-4D6B-A4C3-92F54260B5D7}.Release|iPhoneSimulator.Build.0 = Release|Any CPU
		{06729E80-1333-4D6B-A4C3-92F54260B5D7}.Debug|iPhone.ActiveCfg = Debug|Any CPU
		{06729E80-1333-4D6B-A4C3-92F54260B5D7}.Debug|iPhone.Build.0 = Debug|Any CPU
		{06729E80-1333-4D6B-A4C3-92F54260B5D7}.Release|iPhone.ActiveCfg = Release|Any CPU
		{06729E80-1333-4D6B-A4C3-92F54260B5D7}.Release|iPhone.Build.0 = Release|Any CPU
	EndGlobalSection
EndGlobal
